
Microsoft Visual Studio Solution File, Format Version 12.00
# Visual Studio Version 16
VisualStudioVersion = 16.0.28621.142
MinimumVisualStudioVersion = 10.0.40219.1
Project("{FAE04EC0-301F-11D3-BF4B-00C04F79EFBC}") = "ActiVote.Common", "ActiVote.Common\ActiVote.Common.csproj", "{886D38D8-51D7-41D4-B6A8-ADC64705BFEC}"
EndProject
Project("{FAE04EC0-301F-11D3-BF4B-00C04F79EFBC}") = "ActiVote.Web", "ActiVote.Web\ActiVote.Web.csproj", "{F1D966EF-57EF-4657-944C-16A70949533F}"
EndProject
Project("{FAE04EC0-301F-11D3-BF4B-00C04F79EFBC}") = "ActiVote.App.Android", "ActiVote.App\ActiVote.App.Android\ActiVote.App.Android.csproj", "{280532CE-7794-4F71-8158-AFACF3ADF7CA}"
EndProject
Project("{FAE04EC0-301F-11D3-BF4B-00C04F79EFBC}") = "ActiVote.App.iOS", "ActiVote.App\ActiVote.App.iOS\ActiVote.App.iOS.csproj", "{EBA6667A-8E31-4FBB-B949-6F15EA8B9138}"
EndProject
Project("{FAE04EC0-301F-11D3-BF4B-00C04F79EFBC}") = "ActiVote.App", "ActiVote.App\ActiVote.App\ActiVote.App.csproj", "{D68C1729-E638-44A7-B88A-25B6C2EB2F61}"
EndProject
Global
	GlobalSection(SolutionConfigurationPlatforms) = preSolution
		Debug|Any CPU = Debug|Any CPU
		Debug|iPhone = Debug|iPhone
		Debug|iPhoneSimulator = Debug|iPhoneSimulator
		Release|Any CPU = Release|Any CPU
		Release|iPhone = Release|iPhone
		Release|iPhoneSimulator = Release|iPhoneSimulator
	EndGlobalSection
	GlobalSection(ProjectConfigurationPlatforms) = postSolution
		{886D38D8-51D7-41D4-B6A8-ADC64705BFEC}.Debug|Any CPU.ActiveCfg = Debug|Any CPU
		{886D38D8-51D7-41D4-B6A8-ADC64705BFEC}.Debug|Any CPU.Build.0 = Debug|Any CPU
		{886D38D8-51D7-41D4-B6A8-ADC64705BFEC}.Debug|iPhone.ActiveCfg = Debug|Any CPU
		{886D38D8-51D7-41D4-B6A8-ADC64705BFEC}.Debug|iPhone.Build.0 = Debug|Any CPU
		{886D38D8-51D7-41D4-B6A8-ADC64705BFEC}.Debug|iPhoneSimulator.ActiveCfg = Debug|Any CPU
		{886D38D8-51D7-41D4-B6A8-ADC64705BFEC}.Debug|iPhoneSimulator.Build.0 = Debug|Any CPU
		{886D38D8-51D7-41D4-B6A8-ADC64705BFEC}.Release|Any CPU.ActiveCfg = Release|Any CPU
		{886D38D8-51D7-41D4-B6A8-ADC64705BFEC}.Release|Any CPU.Build.0 = Release|Any CPU
		{886D38D8-51D7-41D4-B6A8-ADC64705BFEC}.Release|iPhone.ActiveCfg = Release|Any CPU
		{886D38D8-51D7-41D4-B6A8-ADC64705BFEC}.Release|iPhone.Build.0 = Release|Any CPU
		{886D38D8-51D7-41D4-B6A8-ADC64705BFEC}.Release|iPhoneSimulator.ActiveCfg = Release|Any CPU
		{886D38D8-51D7-41D4-B6A8-ADC64705BFEC}.Release|iPhoneSimulator.Build.0 = Release|Any CPU
		{F1D966EF-57EF-4657-944C-16A70949533F}.Debug|Any CPU.ActiveCfg = Debug|Any CPU
		{F1D966EF-57EF-4657-944C-16A70949533F}.Debug|Any CPU.Build.0 = Debug|Any CPU
		{F1D966EF-57EF-4657-944C-16A70949533F}.Debug|iPhone.ActiveCfg = Debug|Any CPU
		{F1D966EF-57EF-4657-944C-16A70949533F}.Debug|iPhone.Build.0 = Debug|Any CPU
		{F1D966EF-57EF-4657-944C-16A70949533F}.Debug|iPhoneSimulator.ActiveCfg = Debug|Any CPU
		{F1D966EF-57EF-4657-944C-16A70949533F}.Debug|iPhoneSimulator.Build.0 = Debug|Any CPU
		{F1D966EF-57EF-4657-944C-16A70949533F}.Release|Any CPU.ActiveCfg = Release|Any CPU
		{F1D966EF-57EF-4657-944C-16A70949533F}.Release|Any CPU.Build.0 = Release|Any CPU
		{F1D966EF-57EF-4657-944C-16A70949533F}.Release|iPhone.ActiveCfg = Release|Any CPU
		{F1D966EF-57EF-4657-944C-16A70949533F}.Release|iPhone.Build.0 = Release|Any CPU
		{F1D966EF-57EF-4657-944C-16A70949533F}.Release|iPhoneSimulator.ActiveCfg = Release|Any CPU
		{F1D966EF-57EF-4657-944C-16A70949533F}.Release|iPhoneSimulator.Build.0 = Release|Any CPU
		{280532CE-7794-4F71-8158-AFACF3ADF7CA}.Debug|Any CPU.ActiveCfg = Debug|Any CPU
		{280532CE-7794-4F71-8158-AFACF3ADF7CA}.Debug|Any CPU.Build.0 = Debug|Any CPU
		{280532CE-7794-4F71-8158-AFACF3ADF7CA}.Debug|Any CPU.Deploy.0 = Debug|Any CPU
		{280532CE-7794-4F71-8158-AFACF3ADF7CA}.Debug|iPhone.ActiveCfg = Debug|Any CPU
		{280532CE-7794-4F71-8158-AFACF3ADF7CA}.Debug|iPhone.Build.0 = Debug|Any CPU
		{280532CE-7794-4F71-8158-AFACF3ADF7CA}.Debug|iPhone.Deploy.0 = Debug|Any CPU
		{280532CE-7794-4F71-8158-AFACF3ADF7CA}.Debug|iPhoneSimulator.ActiveCfg = Debug|Any CPU
		{280532CE-7794-4F71-8158-AFACF3ADF7CA}.Debug|iPhoneSimulator.Build.0 = Debug|Any CPU
		{280532CE-7794-4F71-8158-AFACF3ADF7CA}.Debug|iPhoneSimulator.Deploy.0 = Debug|Any CPU
		{280532CE-7794-4F71-8158-AFACF3ADF7CA}.Release|Any CPU.ActiveCfg = Release|Any CPU
		{280532CE-7794-4F71-8158-AFACF3ADF7CA}.Release|Any CPU.Build.0 = Release|Any CPU
		{280532CE-7794-4F71-8158-AFACF3ADF7CA}.Release|Any CPU.Deploy.0 = Release|Any CPU
		{280532CE-7794-4F71-8158-AFACF3ADF7CA}.Release|iPhone.ActiveCfg = Release|Any CPU
		{280532CE-7794-4F71-8158-AFACF3ADF7CA}.Release|iPhone.Build.0 = Release|Any CPU
		{280532CE-7794-4F71-8158-AFACF3ADF7CA}.Release|iPhone.Deploy.0 = Release|Any CPU
		{280532CE-7794-4F71-8158-AFACF3ADF7CA}.Release|iPhoneSimulator.ActiveCfg = Release|Any CPU
		{280532CE-7794-4F71-8158-AFACF3ADF7CA}.Release|iPhoneSimulator.Build.0 = Release|Any CPU
		{280532CE-7794-4F71-8158-AFACF3ADF7CA}.Release|iPhoneSimulator.Deploy.0 = Release|Any CPU
		{EBA6667A-8E31-4FBB-B949-6F15EA8B9138}.Debug|Any CPU.ActiveCfg = Debug|iPhone
		{EBA6667A-8E31-4FBB-B949-6F15EA8B9138}.Debug|iPhone.ActiveCfg = Debug|iPhone
		{EBA6667A-8E31-4FBB-B949-6F15EA8B9138}.Debug|iPhone.Build.0 = Debug|iPhone
		{EBA6667A-8E31-4FBB-B949-6F15EA8B9138}.Debug|iPhoneSimulator.ActiveCfg = Debug|iPhoneSimulator
		{EBA6667A-8E31-4FBB-B949-6F15EA8B9138}.Debug|iPhoneSimulator.Build.0 = Debug|iPhoneSimulator
		{EBA6667A-8E31-4FBB-B949-6F15EA8B9138}.Release|Any CPU.ActiveCfg = Release|iPhone
		{EBA6667A-8E31-4FBB-B949-6F15EA8B9138}.Release|iPhone.ActiveCfg = Release|iPhone
		{EBA6667A-8E31-4FBB-B949-6F15EA8B9138}.Release|iPhone.Build.0 = Release|iPhone
		{EBA6667A-8E31-4FBB-B949-6F15EA8B9138}.Release|iPhoneSimulator.ActiveCfg = Release|iPhoneSimulator
		{EBA6667A-8E31-4FBB-B949-6F15EA8B9138}.Release|iPhoneSimulator.Build.0 = Release|iPhoneSimulator
		{D68C1729-E638-44A7-B88A-25B6C2EB2F61}.Debug|Any CPU.ActiveCfg = Debug|Any CPU
		{D68C1729-E638-44A7-B88A-25B6C2EB2F61}.Debug|Any CPU.Build.0 = Debug|Any CPU
		{D68C1729-E638-44A7-B88A-25B6C2EB2F61}.Debug|iPhone.ActiveCfg = Debug|Any CPU
		{D68C1729-E638-44A7-B88A-25B6C2EB2F61}.Debug|iPhone.Build.0 = Debug|Any CPU
		{D68C1729-E638-44A7-B88A-25B6C2EB2F61}.Debug|iPhoneSimulator.ActiveCfg = Debug|Any CPU
		{D68C1729-E638-44A7-B88A-25B6C2EB2F61}.Debug|iPhoneSimulator.Build.0 = Debug|Any CPU
		{D68C1729-E638-44A7-B88A-25B6C2EB2F61}.Release|Any CPU.ActiveCfg = Release|Any CPU
		{D68C1729-E638-44A7-B88A-25B6C2EB2F61}.Release|Any CPU.Build.0 = Release|Any CPU
		{D68C1729-E638-44A7-B88A-25B6C2EB2F61}.Release|iPhone.ActiveCfg = Release|Any CPU
		{D68C1729-E638-44A7-B88A-25B6C2EB2F61}.Release|iPhone.Build.0 = Release|Any CPU
		{D68C1729-E638-44A7-B88A-25B6C2EB2F61}.Release|iPhoneSimulator.ActiveCfg = Release|Any CPU
		{D68C1729-E638-44A7-B88A-25B6C2EB2F61}.Release|iPhoneSimulator.Build.0 = Release|Any CPU
	EndGlobalSection
	GlobalSection(SolutionProperties) = preSolution
		HideSolutionNode = FALSE
	EndGlobalSection
	GlobalSection(ExtensibilityGlobals) = postSolution
		SolutionGuid = {36C8D94F-3FF7-40E8-9E69-665D6A3EFF9E}
	EndGlobalSection
EndGlobal
